
Microsoft Visual Studio Solution File, Format Version 12.00
# Visual Studio Version 16
VisualStudioVersion = 16.0.31112.23
MinimumVisualStudioVersion = 10.0.40219.1
Project("{8BC9CEB8-8B4A-11D0-8D11-00A0C91BC942}") = "One", "One\One.vcxproj", "{49D31575-FD4F-44C3-9AD9-8D6D2D8500E4}"
EndProject
Project("{8BC9CEB8-8B4A-11D0-8D11-00A0C91BC942}") = "make", "make\make.vcxproj", "{DDB3A72C-1D21-4598-A477-FB0C31A0A71D}"
EndProject
Global
	GlobalSection(SolutionConfigurationPlatforms) = preSolution
		Debug|x64 = Debug|x64
		Debug|x86 = Debug|x86
		Release|x64 = Release|x64
		Release|x86 = Release|x86
	EndGlobalSection
	GlobalSection(ProjectConfigurationPlatforms) = postSolution
		{49D31575-FD4F-44C3-9AD9-8D6D2D8500E4}.Debug|x64.ActiveCfg = Debug|x64
		{49D31575-FD4F-44C3-9AD9-8D6D2D8500E4}.Debug|x64.Build.0 = Debug|x64
		{49D31575-FD4F-44C3-9AD9-8D6D2D8500E4}.Debug|x86.ActiveCfg = Debug|Win32
		{49D31575-FD4F-44C3-9AD9-8D6D2D8500E4}.Debug|x86.Build.0 = Debug|Win32
		{49D31575-FD4F-44C3-9AD9-8D6D2D8500E4}.Release|x64.ActiveCfg = Release|x64
		{49D31575-FD4F-44C3-9AD9-8D6D2D8500E4}.Release|x64.Build.0 = Release|x64
		{49D31575-FD4F-44C3-9AD9-8D6D2D8500E4}.Release|x86.ActiveCfg = Release|Win32
		{49D31575-FD4F-44C3-9AD9-8D6D2D8500E4}.Release|x86.Build.0 = Release|Win32
		{DDB3A72C-1D21-4598-A477-FB0C31A0A71D}.Debug|x64.ActiveCfg = Debug|x64
		{DDB3A72C-1D21-4598-A477-FB0C31A0A71D}.Debug|x64.Build.0 = Debug|x64
		{DDB3A72C-1D21-4598-A477-FB0C31A0A71D}.Debug|x86.ActiveCfg = Debug|Win32
		{DDB3A72C-1D21-4598-A477-FB0C31A0A71D}.Debug|x86.Build.0 = Debug|Win32
		{DDB3A72C-1D21-4598-A477-FB0C31A0A71D}.Release|x64.ActiveCfg = Release|x64
		{DDB3A72C-1D21-4598-A477-FB0C31A0A71D}.Release|x64.Build.0 = Release|x64
		{DDB3A72C-1D21-4598-A477-FB0C31A0A71D}.Release|x86.ActiveCfg = Release|Win32
		{DDB3A72C-1D21-4598-A477-FB0C31A0A71D}.Release|x86.Build.0 = Release|Win32
	EndGlobalSection
	GlobalSection(SolutionProperties) = preSolution
		HideSolutionNode = FALSE
	EndGlobalSection
	GlobalSection(ExtensibilityGlobals) = postSolution
		SolutionGuid = {91E0B724-49CC-47DD-B47E-BFC3E64DE315}
	EndGlobalSection
EndGlobal
